
Microsoft Visual Studio Solution File, Format Version 12.00
# Visual Studio Version 16
VisualStudioVersion = 16.0.30204.135
MinimumVisualStudioVersion = 10.0.40219.1
Project("{9A19103F-16F7-4668-BE54-9A1E7A4F7556}") = "InterfaceAndAbstraction-Lab-01", "InterfaceAndAbstraction-Lab-01\InterfaceAndAbstraction-Lab-01.csproj", "{31EA5D15-B70A-4E06-A422-A92858973557}"
EndProject
Project("{FAE04EC0-301F-11D3-BF4B-00C04F79EFBC}") = "InterfaceAndAbstraction-Lab-02", "InterfaceAndAbstraction-Lab-02\InterfaceAndAbstraction-Lab-02.csproj", "{AE7E4D87-B2C8-4FC9-AEC1-C09588FF50D4}"
EndProject
Global
	GlobalSection(SolutionConfigurationPlatforms) = preSolution
		Debug|Any CPU = Debug|Any CPU
		Release|Any CPU = Release|Any CPU
	EndGlobalSection
	GlobalSection(ProjectConfigurationPlatforms) = postSolution
		{31EA5D15-B70A-4E06-A422-A92858973557}.Debug|Any CPU.ActiveCfg = Debug|Any CPU
		{31EA5D15-B70A-4E06-A422-A92858973557}.Debug|Any CPU.Build.0 = Debug|Any CPU
		{31EA5D15-B70A-4E06-A422-A92858973557}.Release|Any CPU.ActiveCfg = Release|Any CPU
		{31EA5D15-B70A-4E06-A422-A92858973557}.Release|Any CPU.Build.0 = Release|Any CPU
		{AE7E4D87-B2C8-4FC9-AEC1-C09588FF50D4}.Debug|Any CPU.ActiveCfg = Debug|Any CPU
		{AE7E4D87-B2C8-4FC9-AEC1-C09588FF50D4}.Debug|Any CPU.Build.0 = Debug|Any CPU
		{AE7E4D87-B2C8-4FC9-AEC1-C09588FF50D4}.Release|Any CPU.ActiveCfg = Release|Any CPU
		{AE7E4D87-B2C8-4FC9-AEC1-C09588FF50D4}.Release|Any CPU.Build.0 = Release|Any CPU
	EndGlobalSection
	GlobalSection(SolutionProperties) = preSolution
		HideSolutionNode = FALSE
	EndGlobalSection
	GlobalSection(ExtensibilityGlobals) = postSolution
		SolutionGuid = {5DCB8120-4709-4997-A578-DB5D52F320EF}
	EndGlobalSection
EndGlobal
