
Microsoft Visual Studio Solution File, Format Version 12.00
# Visual Studio Version 16
VisualStudioVersion = 16.0.30204.135
MinimumVisualStudioVersion = 10.0.40219.1
Project("{9A19103F-16F7-4668-BE54-9A1E7A4F7556}") = "Inheritance-Lab-01", "Inheritance-Lab-01\Inheritance-Lab-01.csproj", "{10FB1573-9C0D-45D0-BD72-A47B073FBCD2}"
EndProject
Project("{FAE04EC0-301F-11D3-BF4B-00C04F79EFBC}") = "Inheritance-Lab-02", "Inheritance-Lab-02\Inheritance-Lab-02.csproj", "{A325B6C4-C7A1-4D67-9DE3-1AD156B87857}"
EndProject
Project("{FAE04EC0-301F-11D3-BF4B-00C04F79EFBC}") = "Inheritance-Lab-03", "Inheritance-Lab-03\Inheritance-Lab-03.csproj", "{C7F6BECE-2E28-47A9-A559-D6FA9E3EC725}"
EndProject
Global
	GlobalSection(SolutionConfigurationPlatforms) = preSolution
		Debug|Any CPU = Debug|Any CPU
		Release|Any CPU = Release|Any CPU
	EndGlobalSection
	GlobalSection(ProjectConfigurationPlatforms) = postSolution
		{10FB1573-9C0D-45D0-BD72-A47B073FBCD2}.Debug|Any CPU.ActiveCfg = Debug|Any CPU
		{10FB1573-9C0D-45D0-BD72-A47B073FBCD2}.Debug|Any CPU.Build.0 = Debug|Any CPU
		{10FB1573-9C0D-45D0-BD72-A47B073FBCD2}.Release|Any CPU.ActiveCfg = Release|Any CPU
		{10FB1573-9C0D-45D0-BD72-A47B073FBCD2}.Release|Any CPU.Build.0 = Release|Any CPU
		{A325B6C4-C7A1-4D67-9DE3-1AD156B87857}.Debug|Any CPU.ActiveCfg = Debug|Any CPU
		{A325B6C4-C7A1-4D67-9DE3-1AD156B87857}.Debug|Any CPU.Build.0 = Debug|Any CPU
		{A325B6C4-C7A1-4D67-9DE3-1AD156B87857}.Release|Any CPU.ActiveCfg = Release|Any CPU
		{A325B6C4-C7A1-4D67-9DE3-1AD156B87857}.Release|Any CPU.Build.0 = Release|Any CPU
		{C7F6BECE-2E28-47A9-A559-D6FA9E3EC725}.Debug|Any CPU.ActiveCfg = Debug|Any CPU
		{C7F6BECE-2E28-47A9-A559-D6FA9E3EC725}.Debug|Any CPU.Build.0 = Debug|Any CPU
		{C7F6BECE-2E28-47A9-A559-D6FA9E3EC725}.Release|Any CPU.ActiveCfg = Release|Any CPU
		{C7F6BECE-2E28-47A9-A559-D6FA9E3EC725}.Release|Any CPU.Build.0 = Release|Any CPU
	EndGlobalSection
	GlobalSection(SolutionProperties) = preSolution
		HideSolutionNode = FALSE
	EndGlobalSection
	GlobalSection(ExtensibilityGlobals) = postSolution
		SolutionGuid = {4D17F48C-4197-41CC-9509-D78F31C85DB4}
	EndGlobalSection
EndGlobal
